// !$*UTF8*$!
{
	archiveVersion = 1;
	classes = {
	};
	objectVersion = 51;
	objects = {

/* Begin PBXBuildFile section */
		113C08E524950F7E0082C8F1 /* AppDelegate.swift in Sources */ = {isa = PBXBuildFile; fileRef = 113C08E424950F7E0082C8F1 /* AppDelegate.swift */; };
		113C08EC24950F7E0082C8F1 /* Main.storyboard in Resources */ = {isa = PBXBuildFile; fileRef = 113C08EA24950F7E0082C8F1 /* Main.storyboard */; };
		113C08EE24950F7F0082C8F1 /* Assets.xcassets in Resources */ = {isa = PBXBuildFile; fileRef = 113C08ED24950F7F0082C8F1 /* Assets.xcassets */; };
		113C08F124950F7F0082C8F1 /* LaunchScreen.storyboard in Resources */ = {isa = PBXBuildFile; fileRef = 113C08EF24950F7F0082C8F1 /* LaunchScreen.storyboard */; };
		113C08FA249513780082C8F1 /* HomeVC.swift in Sources */ = {isa = PBXBuildFile; fileRef = 113C08F9249513780082C8F1 /* HomeVC.swift */; };
		113C08FC249518710082C8F1 /* HomeViewModel.swift in Sources */ = {isa = PBXBuildFile; fileRef = 113C08FB249518710082C8F1 /* HomeViewModel.swift */; };
		113C08FF249527E70082C8F1 /* HomeCell.swift in Sources */ = {isa = PBXBuildFile; fileRef = 113C08FD249527E70082C8F1 /* HomeCell.swift */; };
		113C0900249527E70082C8F1 /* HomeCell.xib in Resources */ = {isa = PBXBuildFile; fileRef = 113C08FE249527E70082C8F1 /* HomeCell.xib */; };
		113C0909249557D30082C8F1 /* SheetViewController.xib in Resources */ = {isa = PBXBuildFile; fileRef = 113C0907249557D30082C8F1 /* SheetViewController.xib */; };
		113C090A249557D30082C8F1 /* SheetViewController.swift in Sources */ = {isa = PBXBuildFile; fileRef = 113C0908249557D30082C8F1 /* SheetViewController.swift */; };
		113C090E249558090082C8F1 /* SheetItemCell.xib in Resources */ = {isa = PBXBuildFile; fileRef = 113C090C249558090082C8F1 /* SheetItemCell.xib */; };
		113C090F249558090082C8F1 /* SheetItemCell.swift in Sources */ = {isa = PBXBuildFile; fileRef = 113C090D249558090082C8F1 /* SheetItemCell.swift */; };
		113C0912249559C00082C8F1 /* Extensions.swift in Sources */ = {isa = PBXBuildFile; fileRef = 113C0911249559C00082C8F1 /* Extensions.swift */; };
		C622F92F811D17D6F9F6E156 /* Pods_DemoVideoApp.framework in Frameworks */ = {isa = PBXBuildFile; fileRef = 26C8C463B043C73A0D26C018 /* Pods_DemoVideoApp.framework */; };
/* End PBXBuildFile section */

/* Begin PBXFileReference section */
		113C08E124950F7E0082C8F1 /* DemoVideoApp.app */ = {isa = PBXFileReference; explicitFileType = wrapper.application; includeInIndex = 0; path = DemoVideoApp.app; sourceTree = BUILT_PRODUCTS_DIR; };
		113C08E424950F7E0082C8F1 /* AppDelegate.swift */ = {isa = PBXFileReference; lastKnownFileType = sourcecode.swift; path = AppDelegate.swift; sourceTree = "<group>"; };
		113C08EB24950F7E0082C8F1 /* Base */ = {isa = PBXFileReference; lastKnownFileType = file.storyboard; name = Base; path = Base.lproj/Main.storyboard; sourceTree = "<group>"; };
		113C08ED24950F7F0082C8F1 /* Assets.xcassets */ = {isa = PBXFileReference; lastKnownFileType = folder.assetcatalog; path = Assets.xcassets; sourceTree = "<group>"; };
		113C08F024950F7F0082C8F1 /* Base */ = {isa = PBXFileReference; lastKnownFileType = file.storyboard; name = Base; path = Base.lproj/LaunchScreen.storyboard; sourceTree = "<group>"; };
		113C08F224950F7F0082C8F1 /* Info.plist */ = {isa = PBXFileReference; lastKnownFileType = text.plist.xml; path = Info.plist; sourceTree = "<group>"; };
		113C08F9249513780082C8F1 /* HomeVC.swift */ = {isa = PBXFileReference; lastKnownFileType = sourcecode.swift; path = HomeVC.swift; sourceTree = "<group>"; };
		113C08FB249518710082C8F1 /* HomeViewModel.swift */ = {isa = PBXFileReference; lastKnownFileType = sourcecode.swift; path = HomeViewModel.swift; sourceTree = "<group>"; };
		113C08FD249527E70082C8F1 /* HomeCell.swift */ = {isa = PBXFileReference; lastKnownFileType = sourcecode.swift; path = HomeCell.swift; sourceTree = "<group>"; };
		113C08FE249527E70082C8F1 /* HomeCell.xib */ = {isa = PBXFileReference; lastKnownFileType = file.xib; path = HomeCell.xib; sourceTree = "<group>"; };
		113C0907249557D30082C8F1 /* SheetViewController.xib */ = {isa = PBXFileReference; fileEncoding = 4; lastKnownFileType = file.xib; path = SheetViewController.xib; sourceTree = "<group>"; };
		113C0908249557D30082C8F1 /* SheetViewController.swift */ = {isa = PBXFileReference; fileEncoding = 4; lastKnownFileType = sourcecode.swift; path = SheetViewController.swift; sourceTree = "<group>"; };
		113C090C249558090082C8F1 /* SheetItemCell.xib */ = {isa = PBXFileReference; fileEncoding = 4; lastKnownFileType = file.xib; path = SheetItemCell.xib; sourceTree = "<group>"; };
		113C090D249558090082C8F1 /* SheetItemCell.swift */ = {isa = PBXFileReference; fileEncoding = 4; lastKnownFileType = sourcecode.swift; path = SheetItemCell.swift; sourceTree = "<group>"; };
		113C0911249559C00082C8F1 /* Extensions.swift */ = {isa = PBXFileReference; lastKnownFileType = sourcecode.swift; path = Extensions.swift; sourceTree = "<group>"; };
		26C8C463B043C73A0D26C018 /* Pods_DemoVideoApp.framework */ = {isa = PBXFileReference; explicitFileType = wrapper.framework; includeInIndex = 0; path = Pods_DemoVideoApp.framework; sourceTree = BUILT_PRODUCTS_DIR; };
		CD660BC69EA25F3975472E98 /* Pods-DemoVideoApp.debug.xcconfig */ = {isa = PBXFileReference; includeInIndex = 1; lastKnownFileType = text.xcconfig; name = "Pods-DemoVideoApp.debug.xcconfig"; path = "Target Support Files/Pods-DemoVideoApp/Pods-DemoVideoApp.debug.xcconfig"; sourceTree = "<group>"; };
		F931D8085017218AD30CAA4A /* Pods-DemoVideoApp.release.xcconfig */ = {isa = PBXFileReference; includeInIndex = 1; lastKnownFileType = text.xcconfig; name = "Pods-DemoVideoApp.release.xcconfig"; path = "Target Support Files/Pods-DemoVideoApp/Pods-DemoVideoApp.release.xcconfig"; sourceTree = "<group>"; };
/* End PBXFileReference section */

/* Begin PBXFrameworksBuildPhase section */
		113C08DE24950F7E0082C8F1 /* Frameworks */ = {
			isa = PBXFrameworksBuildPhase;
			buildActionMask = 2147483647;
			files = (
				C622F92F811D17D6F9F6E156 /* Pods_DemoVideoApp.framework in Frameworks */,
			);
			runOnlyForDeploymentPostprocessing = 0;
		};
/* End PBXFrameworksBuildPhase section */

/* Begin PBXGroup section */
		113C08D824950F7E0082C8F1 = {
			isa = PBXGroup;
			children = (
				113C08E324950F7E0082C8F1 /* DemoVideoApp */,
				113C08E224950F7E0082C8F1 /* Products */,
				871420BDFC9B6625B5D6CEA0 /* Pods */,
				A1069A214DC84B37B42F3C4D /* Frameworks */,
			);
			sourceTree = "<group>";
		};
		113C08E224950F7E0082C8F1 /* Products */ = {
			isa = PBXGroup;
			children = (
				113C08E124950F7E0082C8F1 /* DemoVideoApp.app */,
			);
			name = Products;
			sourceTree = "<group>";
		};
		113C08E324950F7E0082C8F1 /* DemoVideoApp */ = {
			isa = PBXGroup;
			children = (
				113C0910249559B60082C8F1 /* Extensions */,
				113C08F8249513600082C8F1 /* Controllers */,
				113C08E424950F7E0082C8F1 /* AppDelegate.swift */,
				113C08EA24950F7E0082C8F1 /* Main.storyboard */,
				113C08ED24950F7F0082C8F1 /* Assets.xcassets */,
				113C08EF24950F7F0082C8F1 /* LaunchScreen.storyboard */,
				113C08F224950F7F0082C8F1 /* Info.plist */,
			);
			path = DemoVideoApp;
			sourceTree = "<group>";
		};
		113C08F8249513600082C8F1 /* Controllers */ = {
			isa = PBXGroup;
			children = (
				113C0906249557C70082C8F1 /* BottomSheet */,
				113C0905249557C10082C8F1 /* Home */,
			);
			path = Controllers;
			sourceTree = "<group>";
		};
		113C0901249527EB0082C8F1 /* Cells */ = {
			isa = PBXGroup;
			children = (
				113C08FD249527E70082C8F1 /* HomeCell.swift */,
				113C08FE249527E70082C8F1 /* HomeCell.xib */,
			);
			path = Cells;
			sourceTree = "<group>";
		};
		113C0905249557C10082C8F1 /* Home */ = {
			isa = PBXGroup;
			children = (
				113C08F9249513780082C8F1 /* HomeVC.swift */,
				113C08FB249518710082C8F1 /* HomeViewModel.swift */,
				113C0901249527EB0082C8F1 /* Cells */,
			);
			path = Home;
			sourceTree = "<group>";
		};
		113C0906249557C70082C8F1 /* BottomSheet */ = {
			isa = PBXGroup;
			children = (
				113C090B249557E30082C8F1 /* Cells */,
				113C0908249557D30082C8F1 /* SheetViewController.swift */,
				113C0907249557D30082C8F1 /* SheetViewController.xib */,
			);
			path = BottomSheet;
			sourceTree = "<group>";
		};
		113C090B249557E30082C8F1 /* Cells */ = {
			isa = PBXGroup;
			children = (
				113C090D249558090082C8F1 /* SheetItemCell.swift */,
				113C090C249558090082C8F1 /* SheetItemCell.xib */,
			);
			path = Cells;
			sourceTree = "<group>";
		};
		113C0910249559B60082C8F1 /* Extensions */ = {
			isa = PBXGroup;
			children = (
				113C0911249559C00082C8F1 /* Extensions.swift */,
			);
			path = Extensions;
			sourceTree = "<group>";
		};
		871420BDFC9B6625B5D6CEA0 /* Pods */ = {
			isa = PBXGroup;
			children = (
				CD660BC69EA25F3975472E98 /* Pods-DemoVideoApp.debug.xcconfig */,
				F931D8085017218AD30CAA4A /* Pods-DemoVideoApp.release.xcconfig */,
			);
			path = Pods;
			sourceTree = "<group>";
		};
		A1069A214DC84B37B42F3C4D /* Frameworks */ = {
			isa = PBXGroup;
			children = (
				26C8C463B043C73A0D26C018 /* Pods_DemoVideoApp.framework */,
			);
			name = Frameworks;
			sourceTree = "<group>";
		};
/* End PBXGroup section */

/* Begin PBXNativeTarget section */
		113C08E024950F7E0082C8F1 /* DemoVideoApp */ = {
			isa = PBXNativeTarget;
			buildConfigurationList = 113C08F524950F7F0082C8F1 /* Build configuration list for PBXNativeTarget "DemoVideoApp" */;
			buildPhases = (
				BFD45B2642C1407838F49DF1 /* [CP] Check Pods Manifest.lock */,
				113C08DD24950F7E0082C8F1 /* Sources */,
				113C08DE24950F7E0082C8F1 /* Frameworks */,
				113C08DF24950F7E0082C8F1 /* Resources */,
				5AFB4CB91F2B050B29CC91AD /* [CP] Embed Pods Frameworks */,
			);
			buildRules = (
			);
			dependencies = (
			);
			name = DemoVideoApp;
			productName = DemoVideoApp;
			productReference = 113C08E124950F7E0082C8F1 /* DemoVideoApp.app */;
			productType = "com.apple.product-type.application";
		};
/* End PBXNativeTarget section */

/* Begin PBXProject section */
		113C08D924950F7E0082C8F1 /* Project object */ = {
			isa = PBXProject;
			attributes = {
				LastSwiftUpdateCheck = 1150;
				LastUpgradeCheck = 1150;
				ORGANIZATIONNAME = "Alexander Timonchev";
				TargetAttributes = {
					113C08E024950F7E0082C8F1 = {
						CreatedOnToolsVersion = 11.5;
					};
				};
			};
			buildConfigurationList = 113C08DC24950F7E0082C8F1 /* Build configuration list for PBXProject "DemoVideoApp" */;
			compatibilityVersion = "Xcode 9.3";
			developmentRegion = en;
			hasScannedForEncodings = 0;
			knownRegions = (
				en,
				Base,
			);
			mainGroup = 113C08D824950F7E0082C8F1;
			productRefGroup = 113C08E224950F7E0082C8F1 /* Products */;
			projectDirPath = "";
			projectRoot = "";
			targets = (
				113C08E024950F7E0082C8F1 /* DemoVideoApp */,
			);
		};
/* End PBXProject section */

/* Begin PBXResourcesBuildPhase section */
		113C08DF24950F7E0082C8F1 /* Resources */ = {
			isa = PBXResourcesBuildPhase;
			buildActionMask = 2147483647;
			files = (
				113C08F124950F7F0082C8F1 /* LaunchScreen.storyboard in Resources */,
				113C08EE24950F7F0082C8F1 /* Assets.xcassets in Resources */,
				113C0909249557D30082C8F1 /* SheetViewController.xib in Resources */,
				113C0900249527E70082C8F1 /* HomeCell.xib in Resources */,
				113C08EC24950F7E0082C8F1 /* Main.storyboard in Resources */,
				113C090E249558090082C8F1 /* SheetItemCell.xib in Resources */,
			);
			runOnlyForDeploymentPostprocessing = 0;
		};
/* End PBXResourcesBuildPhase section */

/* Begin PBXShellScriptBuildPhase section */
		5AFB4CB91F2B050B29CC91AD /* [CP] Embed Pods Frameworks */ = {
			isa = PBXShellScriptBuildPhase;
			buildActionMask = 2147483647;
			files = (
			);
			inputFileListPaths = (
				"${PODS_ROOT}/Target Support Files/Pods-DemoVideoApp/Pods-DemoVideoApp-frameworks-${CONFIGURATION}-input-files.xcfilelist",
			);
			name = "[CP] Embed Pods Frameworks";
			outputFileListPaths = (
				"${PODS_ROOT}/Target Support Files/Pods-DemoVideoApp/Pods-DemoVideoApp-frameworks-${CONFIGURATION}-output-files.xcfilelist",
			);
			runOnlyForDeploymentPostprocessing = 0;
			shellPath = /bin/sh;
			shellScript = "\"${PODS_ROOT}/Target Support Files/Pods-DemoVideoApp/Pods-DemoVideoApp-frameworks.sh\"\n";
			showEnvVarsInLog = 0;
		};
		BFD45B2642C1407838F49DF1 /* [CP] Check Pods Manifest.lock */ = {
			isa = PBXShellScriptBuildPhase;
			buildActionMask = 2147483647;
			files = (
			);
			inputFileListPaths = (
			);
			inputPaths = (
				"${PODS_PODFILE_DIR_PATH}/Podfile.lock",
				"${PODS_ROOT}/Manifest.lock",
			);
			name = "[CP] Check Pods Manifest.lock";
			outputFileListPaths = (
			);
			outputPaths = (
				"$(DERIVED_FILE_DIR)/Pods-DemoVideoApp-checkManifestLockResult.txt",
			);
			runOnlyForDeploymentPostprocessing = 0;
			shellPath = /bin/sh;
			shellScript = "diff \"${PODS_PODFILE_DIR_PATH}/Podfile.lock\" \"${PODS_ROOT}/Manifest.lock\" > /dev/null\nif [ $? != 0 ] ; then\n    # print error to STDERR\n    echo \"error: The sandbox is not in sync with the Podfile.lock. Run 'pod install' or update your CocoaPods installation.\" >&2\n    exit 1\nfi\n# This output is used by Xcode 'outputs' to avoid re-running this script phase.\necho \"SUCCESS\" > \"${SCRIPT_OUTPUT_FILE_0}\"\n";
			showEnvVarsInLog = 0;
		};
/* End PBXShellScriptBuildPhase section */

/* Begin PBXSourcesBuildPhase section */
		113C08DD24950F7E0082C8F1 /* Sources */ = {
			isa = PBXSourcesBuildPhase;
			buildActionMask = 2147483647;
			files = (
				113C08FA249513780082C8F1 /* HomeVC.swift in Sources */,
				113C090F249558090082C8F1 /* SheetItemCell.swift in Sources */,
				113C0912249559C00082C8F1 /* Extensions.swift in Sources */,
				113C090A249557D30082C8F1 /* SheetViewController.swift in Sources */,
				113C08E524950F7E0082C8F1 /* AppDelegate.swift in Sources */,
				113C08FF249527E70082C8F1 /* HomeCell.swift in Sources */,
				113C08FC249518710082C8F1 /* HomeViewModel.swift in Sources */,
			);
			runOnlyForDeploymentPostprocessing = 0;
		};
/* End PBXSourcesBuildPhase section */

/* Begin PBXVariantGroup section */
		113C08EA24950F7E0082C8F1 /* Main.storyboard */ = {
			isa = PBXVariantGroup;
			children = (
				113C08EB24950F7E0082C8F1 /* Base */,
			);
			name = Main.storyboard;
			sourceTree = "<group>";
		};
		113C08EF24950F7F0082C8F1 /* LaunchScreen.storyboard */ = {
			isa = PBXVariantGroup;
			children = (
				113C08F024950F7F0082C8F1 /* Base */,
			);
			name = LaunchScreen.storyboard;
			sourceTree = "<group>";
		};
/* End PBXVariantGroup section */

/* Begin XCBuildConfiguration section */
		113C08F324950F7F0082C8F1 /* Debug */ = {
			isa = XCBuildConfiguration;
			buildSettings = {
				ALWAYS_SEARCH_USER_PATHS = NO;
				CLANG_ANALYZER_NONNULL = YES;
				CLANG_ANALYZER_NUMBER_OBJECT_CONVERSION = YES_AGGRESSIVE;
				CLANG_CXX_LANGUAGE_STANDARD = "gnu++14";
				CLANG_CXX_LIBRARY = "libc++";
				CLANG_ENABLE_MODULES = YES;
				CLANG_ENABLE_OBJC_ARC = YES;
				CLANG_ENABLE_OBJC_WEAK = YES;
				CLANG_WARN_BLOCK_CAPTURE_AUTORELEASING = YES;
				CLANG_WARN_BOOL_CONVERSION = YES;
				CLANG_WARN_COMMA = YES;
				CLANG_WARN_CONSTANT_CONVERSION = YES;
				CLANG_WARN_DEPRECATED_OBJC_IMPLEMENTATIONS = YES;
				CLANG_WARN_DIRECT_OBJC_ISA_USAGE = YES_ERROR;
				CLANG_WARN_DOCUMENTATION_COMMENTS = YES;
				CLANG_WARN_EMPTY_BODY = YES;
				CLANG_WARN_ENUM_CONVERSION = YES;
				CLANG_WARN_INFINITE_RECURSION = YES;
				CLANG_WARN_INT_CONVERSION = YES;
				CLANG_WARN_NON_LITERAL_NULL_CONVERSION = YES;
				CLANG_WARN_OBJC_IMPLICIT_RETAIN_SELF = YES;
				CLANG_WARN_OBJC_LITERAL_CONVERSION = YES;
				CLANG_WARN_OBJC_ROOT_CLASS = YES_ERROR;
				CLANG_WARN_RANGE_LOOP_ANALYSIS = YES;
				CLANG_WARN_STRICT_PROTOTYPES = YES;
				CLANG_WARN_SUSPICIOUS_MOVE = YES;
				CLANG_WARN_UNGUARDED_AVAILABILITY = YES_AGGRESSIVE;
				CLANG_WARN_UNREACHABLE_CODE = YES;
				CLANG_WARN__DUPLICATE_METHOD_MATCH = YES;
				COPY_PHASE_STRIP = NO;
				DEBUG_INFORMATION_FORMAT = dwarf;
				ENABLE_STRICT_OBJC_MSGSEND = YES;
				ENABLE_TESTABILITY = YES;
				GCC_C_LANGUAGE_STANDARD = gnu11;
				GCC_DYNAMIC_NO_PIC = NO;
				GCC_NO_COMMON_BLOCKS = YES;
				GCC_OPTIMIZATION_LEVEL = 0;
				GCC_PREPROCESSOR_DEFINITIONS = (
					"DEBUG=1",
					"$(inherited)",
				);
				GCC_WARN_64_TO_32_BIT_CONVERSION = YES;
				GCC_WARN_ABOUT_RETURN_TYPE = YES_ERROR;
				GCC_WARN_UNDECLARED_SELECTOR = YES;
				GCC_WARN_UNINITIALIZED_AUTOS = YES_AGGRESSIVE;
				GCC_WARN_UNUSED_FUNCTION = YES;
				GCC_WARN_UNUSED_VARIABLE = YES;
				IPHONEOS_DEPLOYMENT_TARGET = 11.0;
				MTL_ENABLE_DEBUG_INFO = INCLUDE_SOURCE;
				MTL_FAST_MATH = YES;
				ONLY_ACTIVE_ARCH = YES;
				SDKROOT = iphoneos;
				SWIFT_ACTIVE_COMPILATION_CONDITIONS = DEBUG;
				SWIFT_OPTIMIZATION_LEVEL = "-Onone";
			};
			name = Debug;
		};
		113C08F424950F7F0082C8F1 /* Release */ = {
			isa = XCBuildConfiguration;
			buildSettings = {
				ALWAYS_SEARCH_USER_PATHS = NO;
				CLANG_ANALYZER_NONNULL = YES;
				CLANG_ANALYZER_NUMBER_OBJECT_CONVERSION = YES_AGGRESSIVE;
				CLANG_CXX_LANGUAGE_STANDARD = "gnu++14";
				CLANG_CXX_LIBRARY = "libc++";
				CLANG_ENABLE_MODULES = YES;
				CLANG_ENABLE_OBJC_ARC = YES;
				CLANG_ENABLE_OBJC_WEAK = YES;
				CLANG_WARN_BLOCK_CAPTURE_AUTORELEASING = YES;
				CLANG_WARN_BOOL_CONVERSION = YES;
				CLANG_WARN_COMMA = YES;
				CLANG_WARN_CONSTANT_CONVERSION = YES;
				CLANG_WARN_DEPRECATED_OBJC_IMPLEMENTATIONS = YES;
				CLANG_WARN_DIRECT_OBJC_ISA_USAGE = YES_ERROR;
				CLANG_WARN_DOCUMENTATION_COMMENTS = YES;
				CLANG_WARN_EMPTY_BODY = YES;
				CLANG_WARN_ENUM_CONVERSION = YES;
				CLANG_WARN_INFINITE_RECURSION = YES;
				CLANG_WARN_INT_CONVERSION = YES;
				CLANG_WARN_NON_LITERAL_NULL_CONVERSION = YES;
				CLANG_WARN_OBJC_IMPLICIT_RETAIN_SELF = YES;
				CLANG_WARN_OBJC_LITERAL_CONVERSION = YES;
				CLANG_WARN_OBJC_ROOT_CLASS = YES_ERROR;
				CLANG_WARN_RANGE_LOOP_ANALYSIS = YES;
				CLANG_WARN_STRICT_PROTOTYPES = YES;
				CLANG_WARN_SUSPICIOUS_MOVE = YES;
				CLANG_WARN_UNGUARDED_AVAILABILITY = YES_AGGRESSIVE;
				CLANG_WARN_UNREACHABLE_CODE = YES;
				CLANG_WARN__DUPLICATE_METHOD_MATCH = YES;
				COPY_PHASE_STRIP = NO;
				DEBUG_INFORMATION_FORMAT = "dwarf-with-dsym";
				ENABLE_NS_ASSERTIONS = NO;
				ENABLE_STRICT_OBJC_MSGSEND = YES;
				GCC_C_LANGUAGE_STANDARD = gnu11;
				GCC_NO_COMMON_BLOCKS = YES;
				GCC_WARN_64_TO_32_BIT_CONVERSION = YES;
				GCC_WARN_ABOUT_RETURN_TYPE = YES_ERROR;
				GCC_WARN_UNDECLARED_SELECTOR = YES;
				GCC_WARN_UNINITIALIZED_AUTOS = YES_AGGRESSIVE;
				GCC_WARN_UNUSED_FUNCTION = YES;
				GCC_WARN_UNUSED_VARIABLE = YES;
				IPHONEOS_DEPLOYMENT_TARGET = 11.0;
				MTL_ENABLE_DEBUG_INFO = NO;
				MTL_FAST_MATH = YES;
				SDKROOT = iphoneos;
				SWIFT_COMPILATION_MODE = wholemodule;
				SWIFT_OPTIMIZATION_LEVEL = "-O";
				VALIDATE_PRODUCT = YES;
			};
			name = Release;
		};
		113C08F624950F7F0082C8F1 /* Debug */ = {
			isa = XCBuildConfiguration;
			baseConfigurationReference = CD660BC69EA25F3975472E98 /* Pods-DemoVideoApp.debug.xcconfig */;
			buildSettings = {
				ASSETCATALOG_COMPILER_APPICON_NAME = AppIcon;
				CODE_SIGN_STYLE = Automatic;
				DEVELOPMENT_TEAM = B6D8MQAKWY;
				INFOPLIST_FILE = DemoVideoApp/Info.plist;
				LD_RUNPATH_SEARCH_PATHS = (
					"$(inherited)",
					"@executable_path/Frameworks",
				);
				PRODUCT_BUNDLE_IDENTIFIER = com.timonchev.DemoVideoApp;
				PRODUCT_NAME = "$(TARGET_NAME)";
				SWIFT_VERSION = 5.0;
				TARGETED_DEVICE_FAMILY = "1,2";
			};
			name = Debug;
		};
		113C08F724950F7F0082C8F1 /* Release */ = {
			isa = XCBuildConfiguration;
			baseConfigurationReference = F931D8085017218AD30CAA4A /* Pods-DemoVideoApp.release.xcconfig */;
			buildSettings = {
				ASSETCATALOG_COMPILER_APPICON_NAME = AppIcon;
				CODE_SIGN_STYLE = Automatic;
				DEVELOPMENT_TEAM = B6D8MQAKWY;
				INFOPLIST_FILE = DemoVideoApp/Info.plist;
				LD_RUNPATH_SEARCH_PATHS = (
					"$(inherited)",
					"@executable_path/Frameworks",
				);
				PRODUCT_BUNDLE_IDENTIFIER = com.timonchev.DemoVideoApp;
				PRODUCT_NAME = "$(TARGET_NAME)";
				SWIFT_VERSION = 5.0;
				TARGETED_DEVICE_FAMILY = "1,2";
			};
			name = Release;
		};
/* End XCBuildConfiguration section */

/* Begin XCConfigurationList section */
		113C08DC24950F7E0082C8F1 /* Build configuration list for PBXProject "DemoVideoApp" */ = {
			isa = XCConfigurationList;
			buildConfigurations = (
				113C08F324950F7F0082C8F1 /* Debug */,
				113C08F424950F7F0082C8F1 /* Release */,
			);
			defaultConfigurationIsVisible = 0;
			defaultConfigurationName = Release;
		};
		113C08F524950F7F0082C8F1 /* Build configuration list for PBXNativeTarget "DemoVideoApp" */ = {
			isa = XCConfigurationList;
			buildConfigurations = (
				113C08F624950F7F0082C8F1 /* Debug */,
				113C08F724950F7F0082C8F1 /* Release */,
			);
			defaultConfigurationIsVisible = 0;
			defaultConfigurationName = Release;
		};
/* End XCConfigurationList section */
	};
	rootObject = 113C08D924950F7E0082C8F1 /* Project object */;
}
